// !$*UTF8*$!
{
	archiveVersion = 1;
	classes = {
	};
	objectVersion = 56;
	objects = {

/* Begin PBXBuildFile section */
		3A099AF3299E615E00CB2C84 /* TransactionsListView.swift in Sources */ = {isa = PBXBuildFile; fileRef = 3A099AF2299E615E00CB2C84 /* TransactionsListView.swift */; };
		3A180C5529955A3D00EF3C5E /* AddTransactionForm.swift in Sources */ = {isa = PBXBuildFile; fileRef = 3A180C5429955A3D00EF3C5E /* AddTransactionForm.swift */; };
		3ABE5238298A74F300CEE9BC /* SpendingTrackerApp.swift in Sources */ = {isa = PBXBuildFile; fileRef = 3ABE5237298A74F300CEE9BC /* SpendingTrackerApp.swift */; };
		3ABE523A298A74F300CEE9BC /* ContentView.swift in Sources */ = {isa = PBXBuildFile; fileRef = 3ABE5239298A74F300CEE9BC /* ContentView.swift */; };
		3ABE523C298A74F400CEE9BC /* Assets.xcassets in Resources */ = {isa = PBXBuildFile; fileRef = 3ABE523B298A74F400CEE9BC /* Assets.xcassets */; };
		3ABE523F298A74F400CEE9BC /* Preview Assets.xcassets in Resources */ = {isa = PBXBuildFile; fileRef = 3ABE523E298A74F400CEE9BC /* Preview Assets.xcassets */; };
		3ABE5241298A74F400CEE9BC /* Persistence.swift in Sources */ = {isa = PBXBuildFile; fileRef = 3ABE5240298A74F400CEE9BC /* Persistence.swift */; };
		3ABE5244298A74F400CEE9BC /* SpendingTracker.xcdatamodeld in Sources */ = {isa = PBXBuildFile; fileRef = 3ABE5242298A74F400CEE9BC /* SpendingTracker.xcdatamodeld */; };
		3ABE524C298A759600CEE9BC /* MainView.swift in Sources */ = {isa = PBXBuildFile; fileRef = 3ABE524B298A759600CEE9BC /* MainView.swift */; };
		3AD8A630298BFE6E0077AAD9 /* AddCardForm.swift in Sources */ = {isa = PBXBuildFile; fileRef = 3AD8A62F298BFE6E0077AAD9 /* AddCardForm.swift */; };
/* End PBXBuildFile section */

/* Begin PBXFileReference section */
		3A099AF2299E615E00CB2C84 /* TransactionsListView.swift */ = {isa = PBXFileReference; lastKnownFileType = sourcecode.swift; path = TransactionsListView.swift; sourceTree = "<group>"; };
		3A180C5429955A3D00EF3C5E /* AddTransactionForm.swift */ = {isa = PBXFileReference; lastKnownFileType = sourcecode.swift; path = AddTransactionForm.swift; sourceTree = "<group>"; };
		3ABE5234298A74F300CEE9BC /* SpendingTracker.app */ = {isa = PBXFileReference; explicitFileType = wrapper.application; includeInIndex = 0; path = SpendingTracker.app; sourceTree = BUILT_PRODUCTS_DIR; };
		3ABE5237298A74F300CEE9BC /* SpendingTrackerApp.swift */ = {isa = PBXFileReference; lastKnownFileType = sourcecode.swift; path = SpendingTrackerApp.swift; sourceTree = "<group>"; };
		3ABE5239298A74F300CEE9BC /* ContentView.swift */ = {isa = PBXFileReference; lastKnownFileType = sourcecode.swift; path = ContentView.swift; sourceTree = "<group>"; };
		3ABE523B298A74F400CEE9BC /* Assets.xcassets */ = {isa = PBXFileReference; lastKnownFileType = folder.assetcatalog; path = Assets.xcassets; sourceTree = "<group>"; };
		3ABE523E298A74F400CEE9BC /* Preview Assets.xcassets */ = {isa = PBXFileReference; lastKnownFileType = folder.assetcatalog; path = "Preview Assets.xcassets"; sourceTree = "<group>"; };
		3ABE5240298A74F400CEE9BC /* Persistence.swift */ = {isa = PBXFileReference; lastKnownFileType = sourcecode.swift; path = Persistence.swift; sourceTree = "<group>"; };
		3ABE5243298A74F400CEE9BC /* SpendingTracker.xcdatamodel */ = {isa = PBXFileReference; lastKnownFileType = wrapper.xcdatamodel; path = SpendingTracker.xcdatamodel; sourceTree = "<group>"; };
		3ABE524B298A759600CEE9BC /* MainView.swift */ = {isa = PBXFileReference; lastKnownFileType = sourcecode.swift; path = MainView.swift; sourceTree = "<group>"; };
		3AD8A62F298BFE6E0077AAD9 /* AddCardForm.swift */ = {isa = PBXFileReference; lastKnownFileType = sourcecode.swift; path = AddCardForm.swift; sourceTree = "<group>"; };
/* End PBXFileReference section */

/* Begin PBXFrameworksBuildPhase section */
		3ABE5231298A74F300CEE9BC /* Frameworks */ = {
			isa = PBXFrameworksBuildPhase;
			buildActionMask = 2147483647;
			files = (
			);
			runOnlyForDeploymentPostprocessing = 0;
		};
/* End PBXFrameworksBuildPhase section */

/* Begin PBXGroup section */
		3A180C5329955A2C00EF3C5E /* Transaction */ = {
			isa = PBXGroup;
			children = (
				3A180C5429955A3D00EF3C5E /* AddTransactionForm.swift */,
				3A099AF2299E615E00CB2C84 /* TransactionsListView.swift */,
			);
			path = Transaction;
			sourceTree = "<group>";
		};
		3ABE522B298A74F300CEE9BC = {
			isa = PBXGroup;
			children = (
				3ABE5236298A74F300CEE9BC /* SpendingTracker */,
				3ABE5235298A74F300CEE9BC /* Products */,
			);
			sourceTree = "<group>";
		};
		3ABE5235298A74F300CEE9BC /* Products */ = {
			isa = PBXGroup;
			children = (
				3ABE5234298A74F300CEE9BC /* SpendingTracker.app */,
			);
			name = Products;
			sourceTree = "<group>";
		};
		3ABE5236298A74F300CEE9BC /* SpendingTracker */ = {
			isa = PBXGroup;
			children = (
				3ABE524A298A757D00CEE9BC /* Main */,
				3ABE5237298A74F300CEE9BC /* SpendingTrackerApp.swift */,
				3ABE5239298A74F300CEE9BC /* ContentView.swift */,
				3ABE523B298A74F400CEE9BC /* Assets.xcassets */,
				3ABE5240298A74F400CEE9BC /* Persistence.swift */,
				3ABE5242298A74F400CEE9BC /* SpendingTracker.xcdatamodeld */,
				3ABE523D298A74F400CEE9BC /* Preview Content */,
			);
			path = SpendingTracker;
			sourceTree = "<group>";
		};
		3ABE523D298A74F400CEE9BC /* Preview Content */ = {
			isa = PBXGroup;
			children = (
				3ABE523E298A74F400CEE9BC /* Preview Assets.xcassets */,
			);
			path = "Preview Content";
			sourceTree = "<group>";
		};
		3ABE524A298A757D00CEE9BC /* Main */ = {
			isa = PBXGroup;
			children = (
				3A180C5329955A2C00EF3C5E /* Transaction */,
				3AD8A62E298BFE520077AAD9 /* AddCard */,
				3ABE524B298A759600CEE9BC /* MainView.swift */,
			);
			path = Main;
			sourceTree = "<group>";
		};
		3AD8A62E298BFE520077AAD9 /* AddCard */ = {
			isa = PBXGroup;
			children = (
				3AD8A62F298BFE6E0077AAD9 /* AddCardForm.swift */,
			);
			path = AddCard;
			sourceTree = "<group>";
		};
/* End PBXGroup section */

/* Begin PBXNativeTarget section */
		3ABE5233298A74F300CEE9BC /* SpendingTracker */ = {
			isa = PBXNativeTarget;
			buildConfigurationList = 3ABE5247298A74F400CEE9BC /* Build configuration list for PBXNativeTarget "SpendingTracker" */;
			buildPhases = (
				3ABE5230298A74F300CEE9BC /* Sources */,
				3ABE5231298A74F300CEE9BC /* Frameworks */,
				3ABE5232298A74F300CEE9BC /* Resources */,
			);
			buildRules = (
			);
			dependencies = (
			);
			name = SpendingTracker;
			productName = SpendingTracker;
			productReference = 3ABE5234298A74F300CEE9BC /* SpendingTracker.app */;
			productType = "com.apple.product-type.application";
		};
/* End PBXNativeTarget section */

/* Begin PBXProject section */
		3ABE522C298A74F300CEE9BC /* Project object */ = {
			isa = PBXProject;
			attributes = {
				BuildIndependentTargetsInParallel = 1;
				LastSwiftUpdateCheck = 1420;
				LastUpgradeCheck = 1420;
				TargetAttributes = {
					3ABE5233298A74F300CEE9BC = {
						CreatedOnToolsVersion = 14.2;
					};
				};
			};
			buildConfigurationList = 3ABE522F298A74F300CEE9BC /* Build configuration list for PBXProject "SpendingTracker" */;
			compatibilityVersion = "Xcode 14.0";
			developmentRegion = en;
			hasScannedForEncodings = 0;
			knownRegions = (
				en,
				Base,
			);
			mainGroup = 3ABE522B298A74F300CEE9BC;
			productRefGroup = 3ABE5235298A74F300CEE9BC /* Products */;
			projectDirPath = "";
			projectRoot = "";
			targets = (
				3ABE5233298A74F300CEE9BC /* SpendingTracker */,
			);
		};
/* End PBXProject section */

/* Begin PBXResourcesBuildPhase section */
		3ABE5232298A74F300CEE9BC /* Resources */ = {
			isa = PBXResourcesBuildPhase;
			buildActionMask = 2147483647;
			files = (
				3ABE523F298A74F400CEE9BC /* Preview Assets.xcassets in Resources */,
				3ABE523C298A74F400CEE9BC /* Assets.xcassets in Resources */,
			);
			runOnlyForDeploymentPostprocessing = 0;
		};
/* End PBXResourcesBuildPhase section */

/* Begin PBXSourcesBuildPhase section */
		3ABE5230298A74F300CEE9BC /* Sources */ = {
			isa = PBXSourcesBuildPhase;
			buildActionMask = 2147483647;
			files = (
				3ABE5244298A74F400CEE9BC /* SpendingTracker.xcdatamodeld in Sources */,
				3AD8A630298BFE6E0077AAD9 /* AddCardForm.swift in Sources */,
				3ABE5241298A74F400CEE9BC /* Persistence.swift in Sources */,
				3A180C5529955A3D00EF3C5E /* AddTransactionForm.swift in Sources */,
				3ABE523A298A74F300CEE9BC /* ContentView.swift in Sources */,
				3A099AF3299E615E00CB2C84 /* TransactionsListView.swift in Sources */,
				3ABE524C298A759600CEE9BC /* MainView.swift in Sources */,
				3ABE5238298A74F300CEE9BC /* SpendingTrackerApp.swift in Sources */,
			);
			runOnlyForDeploymentPostprocessing = 0;
		};
/* End PBXSourcesBuildPhase section */

/* Begin XCBuildConfiguration section */
		3ABE5245298A74F400CEE9BC /* Debug */ = {
			isa = XCBuildConfiguration;
			buildSettings = {
				ALWAYS_SEARCH_USER_PATHS = NO;
				CLANG_ANALYZER_NONNULL = YES;
				CLANG_ANALYZER_NUMBER_OBJECT_CONVERSION = YES_AGGRESSIVE;
				CLANG_CXX_LANGUAGE_STANDARD = "gnu++20";
				CLANG_ENABLE_MODULES = YES;
				CLANG_ENABLE_OBJC_ARC = YES;
				CLANG_ENABLE_OBJC_WEAK = YES;
				CLANG_WARN_BLOCK_CAPTURE_AUTORELEASING = YES;
				CLANG_WARN_BOOL_CONVERSION = YES;
				CLANG_WARN_COMMA = YES;
				CLANG_WARN_CONSTANT_CONVERSION = YES;
				CLANG_WARN_DEPRECATED_OBJC_IMPLEMENTATIONS = YES;
				CLANG_WARN_DIRECT_OBJC_ISA_USAGE = YES_ERROR;
				CLANG_WARN_DOCUMENTATION_COMMENTS = YES;
				CLANG_WARN_EMPTY_BODY = YES;
				CLANG_WARN_ENUM_CONVERSION = YES;
				CLANG_WARN_INFINITE_RECURSION = YES;
				CLANG_WARN_INT_CONVERSION = YES;
				CLANG_WARN_NON_LITERAL_NULL_CONVERSION = YES;
				CLANG_WARN_OBJC_IMPLICIT_RETAIN_SELF = YES;
				CLANG_WARN_OBJC_LITERAL_CONVERSION = YES;
				CLANG_WARN_OBJC_ROOT_CLASS = YES_ERROR;
				CLANG_WARN_QUOTED_INCLUDE_IN_FRAMEWORK_HEADER = YES;
				CLANG_WARN_RANGE_LOOP_ANALYSIS = YES;
				CLANG_WARN_STRICT_PROTOTYPES = YES;
				CLANG_WARN_SUSPICIOUS_MOVE = YES;
				CLANG_WARN_UNGUARDED_AVAILABILITY = YES_AGGRESSIVE;
				CLANG_WARN_UNREACHABLE_CODE = YES;
				CLANG_WARN__DUPLICATE_METHOD_MATCH = YES;
				COPY_PHASE_STRIP = NO;
				DEBUG_INFORMATION_FORMAT = dwarf;
				ENABLE_STRICT_OBJC_MSGSEND = YES;
				ENABLE_TESTABILITY = YES;
				GCC_C_LANGUAGE_STANDARD = gnu11;
				GCC_DYNAMIC_NO_PIC = NO;
				GCC_NO_COMMON_BLOCKS = YES;
				GCC_OPTIMIZATION_LEVEL = 0;
				GCC_PREPROCESSOR_DEFINITIONS = (
					"DEBUG=1",
					"$(inherited)",
				);
				GCC_WARN_64_TO_32_BIT_CONVERSION = YES;
				GCC_WARN_ABOUT_RETURN_TYPE = YES_ERROR;
				GCC_WARN_UNDECLARED_SELECTOR = YES;
				GCC_WARN_UNINITIALIZED_AUTOS = YES_AGGRESSIVE;
				GCC_WARN_UNUSED_FUNCTION = YES;
				GCC_WARN_UNUSED_VARIABLE = YES;
				IPHONEOS_DEPLOYMENT_TARGET = 16.2;
				MTL_ENABLE_DEBUG_INFO = INCLUDE_SOURCE;
				MTL_FAST_MATH = YES;
				ONLY_ACTIVE_ARCH = YES;
				SDKROOT = iphoneos;
				SWIFT_ACTIVE_COMPILATION_CONDITIONS = DEBUG;
				SWIFT_OPTIMIZATION_LEVEL = "-Onone";
			};
			name = Debug;
		};
		3ABE5246298A74F400CEE9BC /* Release */ = {
			isa = XCBuildConfiguration;
			buildSettings = {
				ALWAYS_SEARCH_USER_PATHS = NO;
				CLANG_ANALYZER_NONNULL = YES;
				CLANG_ANALYZER_NUMBER_OBJECT_CONVERSION = YES_AGGRESSIVE;
				CLANG_CXX_LANGUAGE_STANDARD = "gnu++20";
				CLANG_ENABLE_MODULES = YES;
				CLANG_ENABLE_OBJC_ARC = YES;
				CLANG_ENABLE_OBJC_WEAK = YES;
				CLANG_WARN_BLOCK_CAPTURE_AUTORELEASING = YES;
				CLANG_WARN_BOOL_CONVERSION = YES;
				CLANG_WARN_COMMA = YES;
				CLANG_WARN_CONSTANT_CONVERSION = YES;
				CLANG_WARN_DEPRECATED_OBJC_IMPLEMENTATIONS = YES;
				CLANG_WARN_DIRECT_OBJC_ISA_USAGE = YES_ERROR;
				CLANG_WARN_DOCUMENTATION_COMMENTS = YES;
				CLANG_WARN_EMPTY_BODY = YES;
				CLANG_WARN_ENUM_CONVERSION = YES;
				CLANG_WARN_INFINITE_RECURSION = YES;
				CLANG_WARN_INT_CONVERSION = YES;
				CLANG_WARN_NON_LITERAL_NULL_CONVERSION = YES;
				CLANG_WARN_OBJC_IMPLICIT_RETAIN_SELF = YES;
				CLANG_WARN_OBJC_LITERAL_CONVERSION = YES;
				CLANG_WARN_OBJC_ROOT_CLASS = YES_ERROR;
				CLANG_WARN_QUOTED_INCLUDE_IN_FRAMEWORK_HEADER = YES;
				CLANG_WARN_RANGE_LOOP_ANALYSIS = YES;
				CLANG_WARN_STRICT_PROTOTYPES = YES;
				CLANG_WARN_SUSPICIOUS_MOVE = YES;
				CLANG_WARN_UNGUARDED_AVAILABILITY = YES_AGGRESSIVE;
				CLANG_WARN_UNREACHABLE_CODE = YES;
				CLANG_WARN__DUPLICATE_METHOD_MATCH = YES;
				COPY_PHASE_STRIP = NO;
				DEBUG_INFORMATION_FORMAT = "dwarf-with-dsym";
				ENABLE_NS_ASSERTIONS = NO;
				ENABLE_STRICT_OBJC_MSGSEND = YES;
				GCC_C_LANGUAGE_STANDARD = gnu11;
				GCC_NO_COMMON_BLOCKS = YES;
				GCC_WARN_64_TO_32_BIT_CONVERSION = YES;
				GCC_WARN_ABOUT_RETURN_TYPE = YES_ERROR;
				GCC_WARN_UNDECLARED_SELECTOR = YES;
				GCC_WARN_UNINITIALIZED_AUTOS = YES_AGGRESSIVE;
				GCC_WARN_UNUSED_FUNCTION = YES;
				GCC_WARN_UNUSED_VARIABLE = YES;
				IPHONEOS_DEPLOYMENT_TARGET = 16.2;
				MTL_ENABLE_DEBUG_INFO = NO;
				MTL_FAST_MATH = YES;
				SDKROOT = iphoneos;
				SWIFT_COMPILATION_MODE = wholemodule;
				SWIFT_OPTIMIZATION_LEVEL = "-O";
				VALIDATE_PRODUCT = YES;
			};
			name = Release;
		};
		3ABE5248298A74F400CEE9BC /* Debug */ = {
			isa = XCBuildConfiguration;
			buildSettings = {
				ASSETCATALOG_COMPILER_APPICON_NAME = AppIcon;
				ASSETCATALOG_COMPILER_GLOBAL_ACCENT_COLOR_NAME = AccentColor;
				CODE_SIGN_STYLE = Automatic;
				CURRENT_PROJECT_VERSION = 1;
				DEVELOPMENT_ASSET_PATHS = "\"SpendingTracker/Preview Content\"";
				ENABLE_PREVIEWS = YES;
				GENERATE_INFOPLIST_FILE = YES;
				INFOPLIST_KEY_UIApplicationSceneManifest_Generation = YES;
				INFOPLIST_KEY_UIApplicationSupportsIndirectInputEvents = YES;
				INFOPLIST_KEY_UILaunchScreen_Generation = YES;
				INFOPLIST_KEY_UISupportedInterfaceOrientations_iPad = "UIInterfaceOrientationPortrait UIInterfaceOrientationPortraitUpsideDown UIInterfaceOrientationLandscapeLeft UIInterfaceOrientationLandscapeRight";
				INFOPLIST_KEY_UISupportedInterfaceOrientations_iPhone = "UIInterfaceOrientationPortrait UIInterfaceOrientationLandscapeLeft UIInterfaceOrientationLandscapeRight";
				LD_RUNPATH_SEARCH_PATHS = (
					"$(inherited)",
					"@executable_path/Frameworks",
				);
				MARKETING_VERSION = 1.0;
				PRODUCT_BUNDLE_IDENTIFIER = com.alicankayaaslan.SpendingTracker;
				PRODUCT_NAME = "$(TARGET_NAME)";
				SWIFT_EMIT_LOC_STRINGS = YES;
				SWIFT_VERSION = 5.0;
				TARGETED_DEVICE_FAMILY = "1,2";
			};
			name = Debug;
		};
		3ABE5249298A74F400CEE9BC /* Release */ = {
			isa = XCBuildConfiguration;
			buildSettings = {
				ASSETCATALOG_COMPILER_APPICON_NAME = AppIcon;
				ASSETCATALOG_COMPILER_GLOBAL_ACCENT_COLOR_NAME = AccentColor;
				CODE_SIGN_STYLE = Automatic;
				CURRENT_PROJECT_VERSION = 1;
				DEVELOPMENT_ASSET_PATHS = "\"SpendingTracker/Preview Content\"";
				ENABLE_PREVIEWS = YES;
				GENERATE_INFOPLIST_FILE = YES;
				INFOPLIST_KEY_UIApplicationSceneManifest_Generation = YES;
				INFOPLIST_KEY_UIApplicationSupportsIndirectInputEvents = YES;
				INFOPLIST_KEY_UILaunchScreen_Generation = YES;
				INFOPLIST_KEY_UISupportedInterfaceOrientations_iPad = "UIInterfaceOrientationPortrait UIInterfaceOrientationPortraitUpsideDown UIInterfaceOrientationLandscapeLeft UIInterfaceOrientationLandscapeRight";
				INFOPLIST_KEY_UISupportedInterfaceOrientations_iPhone = "UIInterfaceOrientationPortrait UIInterfaceOrientationLandscapeLeft UIInterfaceOrientationLandscapeRight";
				LD_RUNPATH_SEARCH_PATHS = (
					"$(inherited)",
					"@executable_path/Frameworks",
				);
				MARKETING_VERSION = 1.0;
				PRODUCT_BUNDLE_IDENTIFIER = com.alicankayaaslan.SpendingTracker;
				PRODUCT_NAME = "$(TARGET_NAME)";
				SWIFT_EMIT_LOC_STRINGS = YES;
				SWIFT_VERSION = 5.0;
				TARGETED_DEVICE_FAMILY = "1,2";
			};
			name = Release;
		};
/* End XCBuildConfiguration section */

/* Begin XCConfigurationList section */
		3ABE522F298A74F300CEE9BC /* Build configuration list for PBXProject "SpendingTracker" */ = {
			isa = XCConfigurationList;
			buildConfigurations = (
				3ABE5245298A74F400CEE9BC /* Debug */,
				3ABE5246298A74F400CEE9BC /* Release */,
			);
			defaultConfigurationIsVisible = 0;
			defaultConfigurationName = Release;
		};
		3ABE5247298A74F400CEE9BC /* Build configuration list for PBXNativeTarget "SpendingTracker" */ = {
			isa = XCConfigurationList;
			buildConfigurations = (
				3ABE5248298A74F400CEE9BC /* Debug */,
				3ABE5249298A74F400CEE9BC /* Release */,
			);
			defaultConfigurationIsVisible = 0;
			defaultConfigurationName = Release;
		};
/* End XCConfigurationList section */

/* Begin XCVersionGroup section */
		3ABE5242298A74F400CEE9BC /* SpendingTracker.xcdatamodeld */ = {
			isa = XCVersionGroup;
			children = (
				3ABE5243298A74F400CEE9BC /* SpendingTracker.xcdatamodel */,
			);
			currentVersion = 3ABE5243298A74F400CEE9BC /* SpendingTracker.xcdatamodel */;
			path = SpendingTracker.xcdatamodeld;
			sourceTree = "<group>";
			versionGroupType = wrapper.xcdatamodel;
		};
/* End XCVersionGroup section */
	};
	rootObject = 3ABE522C298A74F300CEE9BC /* Project object */;
}
